
Microsoft Visual Studio Solution File, Format Version 12.00
# Visual Studio Version 17
VisualStudioVersion = 17.4.33122.133
MinimumVisualStudioVersion = 10.0.40219.1
Project("{FAE04EC0-301F-11D3-BF4B-00C04F79EFBC}") = "ConsoleApp3", "ConsoleApp3\ConsoleApp3.csproj", "{A3AEE62C-455B-476D-AA75-A8CB5F88371E}"
EndProject
Global
	GlobalSection(SolutionConfigurationPlatforms) = preSolution
		Debug|Any CPU = Debug|Any CPU
		Release|Any CPU = Release|Any CPU
	EndGlobalSection
	GlobalSection(ProjectConfigurationPlatforms) = postSolution
		{A3AEE62C-455B-476D-AA75-A8CB5F88371E}.Debug|Any CPU.ActiveCfg = Debug|Any CPU
		{A3AEE62C-455B-476D-AA75-A8CB5F88371E}.Debug|Any CPU.Build.0 = Debug|Any CPU
		{A3AEE62C-455B-476D-AA75-A8CB5F88371E}.Release|Any CPU.ActiveCfg = Release|Any CPU
		{A3AEE62C-455B-476D-AA75-A8CB5F88371E}.Release|Any CPU.Build.0 = Release|Any CPU
	EndGlobalSection
	GlobalSection(SolutionProperties) = preSolution
		HideSolutionNode = FALSE
	EndGlobalSection
	GlobalSection(ExtensibilityGlobals) = postSolution
		SolutionGuid = {B6357B2F-4CEF-447B-A41F-57E9BC627941}
	EndGlobalSection
EndGlobal
